<?xml version="1.0" encoding="utf-8"?>
<Project ToolsVersion="4.0" xmlns="http://schemas.microsoft.com/developer/msbuild/2003">
  <ItemGroup>
    <Filter Include="Source Files">
      <UniqueIdentifier>{4FC737F1-C7A5-4376-A066-2A32D752A2FF}</UniqueIdentifier>
      <Extensions>cpp;c;cc;cxx;def;odl;idl;hpj;bat;asm;asmx</Extensions>
    </Filter>
    <Filter Include="Header Files">
      <UniqueIdentifier>{93995380-89BD-4b04-88EB-625FBE52EBFB}</UniqueIdentifier>
      <Extensions>h;hpp;hxx;hm;inl;inc;xsd</Extensions>
    </Filter>
    <Filter Include="Resource Files">
      <UniqueIdentifier>{67DA6AB6-F800-4c08-8B7A-83BB121AAD01}</UniqueIdentifier>
      <Extensions>rc;ico;cur;bmp;dlg;rc2;rct;bin;rgs;gif;jpg;jpeg;jpe;resx;tiff;tif;png;wav</Extensions>
    </Filter>
    <Filter Include="Public Header Files">
      <UniqueIdentifier>{1869f0cb-efa4-45c3-bd9a-8f6558bdf277}</UniqueIdentifier>
    </Filter>
  </ItemGroup>
  <ItemGroup>
    <ClCompile Include="lzham_assert.cpp">
      <Filter>Source Files</Filter>
    </ClCompile>
    <ClCompile Include="lzham_checksum.cpp">
      <Filter>Source Files</Filter>
    </ClCompile>
    <ClCompile Include="lzham_huffman_codes.cpp">
      <Filter>Source Files</Filter>
    </ClCompile>
    <ClCompile Include="lzham_lzdecomp.cpp">
      <Filter>Source Files</Filter>
    </ClCompile>
    <ClCompile Include="lzham_lzdecompbase.cpp">
      <Filter>Source Files</Filter>
    </ClCompile>
    <ClCompile Include="lzham_mem.cpp">
      <Filter>Source Files</Filter>
    </ClCompile>
    <ClCompile Include="lzham_platform.cpp">
      <Filter>Source Files</Filter>
    </ClCompile>
    <ClCompile Include="lzham_polar_codes.cpp">
      <Filter>Source Files</Filter>
    </ClCompile>
    <ClCompile Include="lzham_prefix_coding.cpp">
      <Filter>Source Files</Filter>
    </ClCompile>
    <ClCompile Include="lzham_symbol_codec.cpp">
      <Filter>Source Files</Filter>
    </ClCompile>
    <ClCompile Include="lzham_timer.cpp">
      <Filter>Source Files</Filter>
    </ClCompile>
    <ClCompile Include="lzham_vector.cpp">
      <Filter>Source Files</Filter>
    </ClCompile>
  </ItemGroup>
  <ItemGroup>
    <ClInclude Include="lzham_assert.h">
      <Filter>Header Files</Filter>
    </ClInclude>
    <ClInclude Include="lzham_checksum.h">
      <Filter>Header Files</Filter>
    </ClInclude>
    <ClInclude Include="lzham_config.h">
      <Filter>Header Files</Filter>
    </ClInclude>
    <ClInclude Include="lzham_core.h">
      <Filter>Header Files</Filter>
    </ClInclude>
    <ClInclude Include="lzham_decomp.h">
      <Filter>Header Files</Filter>
    </ClInclude>
    <ClInclude Include="lzham_helpers.h">
      <Filter>Header Files</Filter>
    </ClInclude>
    <ClInclude Include="lzham_huffman_codes.h">
      <Filter>Header Files</Filter>
    </ClInclude>
    <ClInclude Include="lzham_lzdecompbase.h">
      <Filter>Header Files</Filter>
    </ClInclude>
    <ClInclude Include="lzham_math.h">
      <Filter>Header Files</Filter>
    </ClInclude>
    <ClInclude Include="lzham_mem.h">
      <Filter>Header Files</Filter>
    </ClInclude>
    <ClInclude Include="lzham_platform.h">
      <Filter>Header Files</Filter>
    </ClInclude>
    <ClInclude Include="lzham_polar_codes.h">
      <Filter>Header Files</Filter>
    </ClInclude>
    <ClInclude Include="lzham_prefix_coding.h">
      <Filter>Header Files</Filter>
    </ClInclude>
    <ClInclude Include="lzham_symbol_codec.h">
      <Filter>Header Files</Filter>
    </ClInclude>
    <ClInclude Include="lzham_timer.h">
      <Filter>Header Files</Filter>
    </ClInclude>
    <ClInclude Include="lzham_traits.h">
      <Filter>Header Files</Filter>
    </ClInclude>
    <ClInclude Include="lzham_types.h">
      <Filter>Header Files</Filter>
    </ClInclude>
    <ClInclude Include="lzham_utils.h">
      <Filter>Header Files</Filter>
    </ClInclude>
    <ClInclude Include="lzham_vector.h">
      <Filter>Header Files</Filter>
    </ClInclude>
    <ClInclude Include="..\include\lzham.h">
      <Filter>Public Header Files</Filter>
    </ClInclude>
    <ClInclude Include="..\include\lzham_dynamic_lib.h">
      <Filter>Public Header Files</Filter>
    </ClInclude>
    <ClInclude Include="..\include\lzham_static_lib.h">
      <Filter>Public Header Files</Filter>
    </ClInclude>
    <ClInclude Include="..\include\zlib.h">
      <Filter>Public Header Files</Filter>
    </ClInclude>
  </ItemGroup>
  <ItemGroup>
    <None Include="..\include\lzham_exports.inc">
      <Filter>Public Header Files</Filter>
    </None>
  </ItemGroup>
</Project>